<Solution>
  <Folder Name="/Backend/">
    <Project Path="backend/HomeBook.Backend.Modules.Abstractions/HomeBook.Backend.Modules.Abstractions.csproj" />
    <Project Path="backend\HomeBook.Backend.Abstractions\HomeBook.Backend.Abstractions.csproj" />
    <Project Path="backend\HomeBook.Backend.DTOs\HomeBook.Backend.DTOs.csproj" />
    <Project Path="backend\HomeBook.Backend\HomeBook.Backend.csproj" />
  </Folder>
  <Folder Name="/Backend/Core/">
    <Project Path="backend/HomeBook.Backend.Core.Modules/HomeBook.Backend.Core.Modules.csproj" />
    <Project Path="backend/HomeBook.Backend.Core.Search/HomeBook.Backend.Core.Search.csproj" />
    <Project Path="backend/HomeBook.Backend.Core.Storage/HomeBook.Backend.Core.Storage.csproj" />
    <Project Path="backend\HomeBook.Backend.Core.Account\HomeBook.Backend.Core.Account.csproj" />
    <Project Path="backend\HomeBook.Backend.Core.DataProvider\HomeBook.Backend.Core.DataProvider.csproj" />
    <Project Path="backend\HomeBook.Backend.Core.Licenses\HomeBook.Backend.Core.Licenses.csproj" />
    <Project Path="backend\Homebook.Backend.Core.Setup\Homebook.Backend.Core.Setup.csproj" />
    <Project Path="backend\HomeBook.Backend.Core\HomeBook.Backend.Core.csproj" />
  </Folder>
  <Folder Name="/Backend/Data/">
    <Project Path="backend\HomeBook.Backend.Data.Mysql\HomeBook.Backend.Data.Mysql.csproj" />
    <Project Path="backend\HomeBook.Backend.Data.PostgreSql\HomeBook.Backend.Data.PostgreSql.csproj" />
    <Project Path="backend\HomeBook.Backend.Data.Sqlite\HomeBook.Backend.Data.Sqlite.csproj" />
    <Project Path="backend\HomeBook.Backend.Data\HomeBook.Backend.Data.csproj" />
  </Folder>
  <Folder Name="/Backend/Modules/">
    <Project Path="backend/HomeBook.Backend.Module.Finances/HomeBook.Backend.Module.Finances.csproj" />
    <Project Path="backend/HomeBook.Backend.Module.Kitchen/HomeBook.Backend.Module.Kitchen.csproj" />
  </Folder>
  <Folder Name="/Frontend/">
    <Project Path="backend\HomeBook.Client\HomeBook.Client.csproj" />
    <Project Path="backend\HomeBook.Frontend.Abstractions\HomeBook.Frontend.Abstractions.csproj" />
    <Project Path="backend\HomeBook.Frontend.Core\HomeBook.Frontend.Core.csproj" />
    <Project Path="backend\HomeBook.Frontend.Modules.Abstractions\HomeBook.Frontend.Modules.Abstractions.csproj" />
    <Project Path="backend\HomeBook.Frontend.Services\HomeBook.Frontend.Services.csproj" />
    <Project Path="backend\HomeBook.Frontend.UI\HomeBook.Frontend.UI.csproj" />
    <Project Path="backend\HomeBook.Frontend\HomeBook.Frontend.csproj" />
  </Folder>
  <Folder Name="/Frontend/Modules/">
    <Project Path="backend\HomeBook.Frontend.Module.Finances\HomeBook.Frontend.Module.Finances.csproj" />
    <Project Path="backend\HomeBook.Frontend.Module.Kitchen\HomeBook.Frontend.Module.Kitchen.csproj" />
    <Project Path="backend\HomeBook.Frontend.Module.PlatformInfo\HomeBook.Frontend.Module.PlatformInfo.csproj" />
  </Folder>
  <Folder Name="/Solution/">
    <File Path="LICENSE" />
    <File Path="README.md" />
    <File Path=".gitignore" />
    <File Path=".editorconfig" />
    <File Path="global.json" />
    <File Path="homebook.slnx" />
    <File Path=".dockerignore" />
    <File Path="Dockerfile" />
    <File Path="nginx.conf" />
    <File Path="icon_128.png" />
    <File Path="docker-entrypoint.sh" />
    <File Path="generate-client.sh" />
    <File Path="update-licenses.sh" />
    <File Path="install-dev.sh" />
  </Folder>
  <Folder Name="/Solution/assets/">
    <File Path="assets\README.md" />
  </Folder>
  <Folder Name="/Solution/github/">
    <File Path=".github\FUNDING.yml" />
    <File Path=".github\dependabot.yml" />
  </Folder>
  <Folder Name="/Solution/github/templates/">
    <File Path=".github\ISSUE_TEMPLATE\codex-task.md" />
  </Folder>
  <Folder Name="/Solution/github/workflows/">
    <File Path=".github\workflows\build.yml" />
    <File Path=".github\workflows\pull-request.yml" />
  </Folder>
  <Folder Name="/Tests/">
    <Project Path="backend\HomeBook.UnitTests\HomeBook.UnitTests.csproj" />
  </Folder>
</Solution>